
Microsoft Visual Studio Solution File, Format Version 12.00
# Visual Studio Version 17
VisualStudioVersion = 17.9.34728.123
MinimumVisualStudioVersion = 10.0.40219.1
Project("{9A19103F-16F7-4668-BE54-9A1E7A4F7556}") = "BusinessObjects", "BusinessObjects\BusinessObjects.csproj", "{86543109-D195-4DD0-B60B-EEC710B9706D}"
EndProject
Project("{9A19103F-16F7-4668-BE54-9A1E7A4F7556}") = "DataAccessObjects", "DataAccessObjects\DataAccessObjects.csproj", "{6D953F45-B440-4418-B102-2E532A8D7B4F}"
EndProject
Project("{9A19103F-16F7-4668-BE54-9A1E7A4F7556}") = "Repositories", "Repositories\Repositories.csproj", "{32DCF626-470F-4B0F-9EAE-517A9C6EAE85}"
EndProject
Project("{9A19103F-16F7-4668-BE54-9A1E7A4F7556}") = "Services", "Services\Services.csproj", "{F32F2378-D194-4379-B4BD-7CC1C6770F66}"
EndProject
Project("{FAE04EC0-301F-11D3-BF4B-00C04F79EFBC}") = "ProductManagement", "ProductManagement\ProductManagement.csproj", "{F65D780C-76E8-4A6C-AD6A-B1B953D784F2}"
EndProject
Global
	GlobalSection(SolutionConfigurationPlatforms) = preSolution
		Debug|Any CPU = Debug|Any CPU
		Release|Any CPU = Release|Any CPU
	EndGlobalSection
	GlobalSection(ProjectConfigurationPlatforms) = postSolution
		{86543109-D195-4DD0-B60B-EEC710B9706D}.Debug|Any CPU.ActiveCfg = Debug|Any CPU
		{86543109-D195-4DD0-B60B-EEC710B9706D}.Debug|Any CPU.Build.0 = Debug|Any CPU
		{86543109-D195-4DD0-B60B-EEC710B9706D}.Release|Any CPU.ActiveCfg = Release|Any CPU
		{86543109-D195-4DD0-B60B-EEC710B9706D}.Release|Any CPU.Build.0 = Release|Any CPU
		{6D953F45-B440-4418-B102-2E532A8D7B4F}.Debug|Any CPU.ActiveCfg = Debug|Any CPU
		{6D953F45-B440-4418-B102-2E532A8D7B4F}.Debug|Any CPU.Build.0 = Debug|Any CPU
		{6D953F45-B440-4418-B102-2E532A8D7B4F}.Release|Any CPU.ActiveCfg = Release|Any CPU
		{6D953F45-B440-4418-B102-2E532A8D7B4F}.Release|Any CPU.Build.0 = Release|Any CPU
		{32DCF626-470F-4B0F-9EAE-517A9C6EAE85}.Debug|Any CPU.ActiveCfg = Debug|Any CPU
		{32DCF626-470F-4B0F-9EAE-517A9C6EAE85}.Debug|Any CPU.Build.0 = Debug|Any CPU
		{32DCF626-470F-4B0F-9EAE-517A9C6EAE85}.Release|Any CPU.ActiveCfg = Release|Any CPU
		{32DCF626-470F-4B0F-9EAE-517A9C6EAE85}.Release|Any CPU.Build.0 = Release|Any CPU
		{F32F2378-D194-4379-B4BD-7CC1C6770F66}.Debug|Any CPU.ActiveCfg = Debug|Any CPU
		{F32F2378-D194-4379-B4BD-7CC1C6770F66}.Debug|Any CPU.Build.0 = Debug|Any CPU
		{F32F2378-D194-4379-B4BD-7CC1C6770F66}.Release|Any CPU.ActiveCfg = Release|Any CPU
		{F32F2378-D194-4379-B4BD-7CC1C6770F66}.Release|Any CPU.Build.0 = Release|Any CPU
		{F65D780C-76E8-4A6C-AD6A-B1B953D784F2}.Debug|Any CPU.ActiveCfg = Debug|Any CPU
		{F65D780C-76E8-4A6C-AD6A-B1B953D784F2}.Debug|Any CPU.Build.0 = Debug|Any CPU
		{F65D780C-76E8-4A6C-AD6A-B1B953D784F2}.Release|Any CPU.ActiveCfg = Release|Any CPU
		{F65D780C-76E8-4A6C-AD6A-B1B953D784F2}.Release|Any CPU.Build.0 = Release|Any CPU
	EndGlobalSection
	GlobalSection(SolutionProperties) = preSolution
		HideSolutionNode = FALSE
	EndGlobalSection
	GlobalSection(ExtensibilityGlobals) = postSolution
		SolutionGuid = {4CA17618-66DA-4F7C-AAF8-5AA7CD77187A}
	EndGlobalSection
EndGlobal
